// !$*UTF8*$!
{
	archiveVersion = 1;
	classes = {
	};
	objectVersion = 46;
	objects = {

/* Begin PBXBuildFile section */
		58886AFA1F20AD170088F31F /* AppDelegate.swift in Sources */ = {isa = PBXBuildFile; fileRef = 58886AF91F20AD170088F31F /* AppDelegate.swift */; };
		58886AFF1F20AD170088F31F /* Main.storyboard in Resources */ = {isa = PBXBuildFile; fileRef = 58886AFD1F20AD170088F31F /* Main.storyboard */; };
		58886B021F20AD170088F31F /* SVChat.xcdatamodeld in Sources */ = {isa = PBXBuildFile; fileRef = 58886B001F20AD170088F31F /* SVChat.xcdatamodeld */; };
		58886B041F20AD170088F31F /* Assets.xcassets in Resources */ = {isa = PBXBuildFile; fileRef = 58886B031F20AD170088F31F /* Assets.xcassets */; };
		58886B071F20AD170088F31F /* LaunchScreen.storyboard in Resources */ = {isa = PBXBuildFile; fileRef = 58886B051F20AD170088F31F /* LaunchScreen.storyboard */; };
		58886B0F1F20B5E10088F31F /* GoogleService-Info.plist in Resources */ = {isa = PBXBuildFile; fileRef = 58886B0E1F20B5E10088F31F /* GoogleService-Info.plist */; };
		58886B111F20CFA90088F31F /* ViewController.swift in Sources */ = {isa = PBXBuildFile; fileRef = 58886B101F20CFA90088F31F /* ViewController.swift */; };
		58886B131F20D03F0088F31F /* ComposeViewController.swift in Sources */ = {isa = PBXBuildFile; fileRef = 58886B121F20D03F0088F31F /* ComposeViewController.swift */; };
		58886B171F20FA2C0088F31F /* LoginViewController.swift in Sources */ = {isa = PBXBuildFile; fileRef = 58886B161F20FA2C0088F31F /* LoginViewController.swift */; };
		E4B2460C4B1AF2ED2DB3A012 /* Pods_SVChat.framework in Frameworks */ = {isa = PBXBuildFile; fileRef = A590A04DF40B7974978134DD /* Pods_SVChat.framework */; };
/* End PBXBuildFile section */

/* Begin PBXFileReference section */
		58886AF61F20AD170088F31F /* SVChat.app */ = {isa = PBXFileReference; explicitFileType = wrapper.application; includeInIndex = 0; path = SVChat.app; sourceTree = BUILT_PRODUCTS_DIR; };
		58886AF91F20AD170088F31F /* AppDelegate.swift */ = {isa = PBXFileReference; lastKnownFileType = sourcecode.swift; path = AppDelegate.swift; sourceTree = "<group>"; };
		58886AFE1F20AD170088F31F /* Base */ = {isa = PBXFileReference; lastKnownFileType = file.storyboard; name = Base; path = Base.lproj/Main.storyboard; sourceTree = "<group>"; };
		58886B011F20AD170088F31F /* SVChat.xcdatamodel */ = {isa = PBXFileReference; lastKnownFileType = wrapper.xcdatamodel; path = SVChat.xcdatamodel; sourceTree = "<group>"; };
		58886B031F20AD170088F31F /* Assets.xcassets */ = {isa = PBXFileReference; lastKnownFileType = folder.assetcatalog; path = Assets.xcassets; sourceTree = "<group>"; };
		58886B061F20AD170088F31F /* Base */ = {isa = PBXFileReference; lastKnownFileType = file.storyboard; name = Base; path = Base.lproj/LaunchScreen.storyboard; sourceTree = "<group>"; };
		58886B081F20AD170088F31F /* Info.plist */ = {isa = PBXFileReference; lastKnownFileType = text.plist.xml; path = Info.plist; sourceTree = "<group>"; };
		58886B0E1F20B5E10088F31F /* GoogleService-Info.plist */ = {isa = PBXFileReference; fileEncoding = 4; lastKnownFileType = text.plist.xml; path = "GoogleService-Info.plist"; sourceTree = "<group>"; };
		58886B101F20CFA90088F31F /* ViewController.swift */ = {isa = PBXFileReference; fileEncoding = 4; lastKnownFileType = sourcecode.swift; path = ViewController.swift; sourceTree = "<group>"; };
		58886B121F20D03F0088F31F /* ComposeViewController.swift */ = {isa = PBXFileReference; fileEncoding = 4; lastKnownFileType = sourcecode.swift; path = ComposeViewController.swift; sourceTree = "<group>"; };
		58886B161F20FA2C0088F31F /* LoginViewController.swift */ = {isa = PBXFileReference; fileEncoding = 4; lastKnownFileType = sourcecode.swift; path = LoginViewController.swift; sourceTree = "<group>"; };
		718466E94C7979694966D8C5 /* Pods-SVChat.debug.xcconfig */ = {isa = PBXFileReference; includeInIndex = 1; lastKnownFileType = text.xcconfig; name = "Pods-SVChat.debug.xcconfig"; path = "Pods/Target Support Files/Pods-SVChat/Pods-SVChat.debug.xcconfig"; sourceTree = "<group>"; };
		A590A04DF40B7974978134DD /* Pods_SVChat.framework */ = {isa = PBXFileReference; explicitFileType = wrapper.framework; includeInIndex = 0; path = Pods_SVChat.framework; sourceTree = BUILT_PRODUCTS_DIR; };
		F9CB2644371E8DEE443BDB79 /* Pods-SVChat.release.xcconfig */ = {isa = PBXFileReference; includeInIndex = 1; lastKnownFileType = text.xcconfig; name = "Pods-SVChat.release.xcconfig"; path = "Pods/Target Support Files/Pods-SVChat/Pods-SVChat.release.xcconfig"; sourceTree = "<group>"; };
/* End PBXFileReference section */

/* Begin PBXFrameworksBuildPhase section */
		58886AF31F20AD170088F31F /* Frameworks */ = {
			isa = PBXFrameworksBuildPhase;
			buildActionMask = 2147483647;
			files = (
				E4B2460C4B1AF2ED2DB3A012 /* Pods_SVChat.framework in Frameworks */,
			);
			runOnlyForDeploymentPostprocessing = 0;
		};
/* End PBXFrameworksBuildPhase section */

/* Begin PBXGroup section */
		2932ACDC4FA77FF461665D9B /* Frameworks */ = {
			isa = PBXGroup;
			children = (
				A590A04DF40B7974978134DD /* Pods_SVChat.framework */,
			);
			name = Frameworks;
			sourceTree = "<group>";
		};
		58886AED1F20AD170088F31F = {
			isa = PBXGroup;
			children = (
				58886AF81F20AD170088F31F /* SVChat */,
				58886AF71F20AD170088F31F /* Products */,
				A85A832703AFB22798B0291C /* Pods */,
				2932ACDC4FA77FF461665D9B /* Frameworks */,
			);
			sourceTree = "<group>";
		};
		58886AF71F20AD170088F31F /* Products */ = {
			isa = PBXGroup;
			children = (
				58886AF61F20AD170088F31F /* SVChat.app */,
			);
			name = Products;
			sourceTree = "<group>";
		};
		58886AF81F20AD170088F31F /* SVChat */ = {
			isa = PBXGroup;
			children = (
				58886B151F20F9F50088F31F /* Login */,
				58886B141F20F9DC0088F31F /* Chat */,
				58886B121F20D03F0088F31F /* ComposeViewController.swift */,
				58886AFD1F20AD170088F31F /* Main.storyboard */,
				58886B031F20AD170088F31F /* Assets.xcassets */,
				58886B051F20AD170088F31F /* LaunchScreen.storyboard */,
				58886B081F20AD170088F31F /* Info.plist */,
				58886B0E1F20B5E10088F31F /* GoogleService-Info.plist */,
				58886B001F20AD170088F31F /* SVChat.xcdatamodeld */,
			);
			path = SVChat;
			sourceTree = "<group>";
		};
		58886B141F20F9DC0088F31F /* Chat */ = {
			isa = PBXGroup;
			children = (
				58886AF91F20AD170088F31F /* AppDelegate.swift */,
				58886B101F20CFA90088F31F /* ViewController.swift */,
			);
			name = Chat;
			sourceTree = "<group>";
		};
		58886B151F20F9F50088F31F /* Login */ = {
			isa = PBXGroup;
			children = (
				58886B161F20FA2C0088F31F /* LoginViewController.swift */,
			);
			name = Login;
			sourceTree = "<group>";
		};
		A85A832703AFB22798B0291C /* Pods */ = {
			isa = PBXGroup;
			children = (
				718466E94C7979694966D8C5 /* Pods-SVChat.debug.xcconfig */,
				F9CB2644371E8DEE443BDB79 /* Pods-SVChat.release.xcconfig */,
			);
			name = Pods;
			sourceTree = "<group>";
		};
/* End PBXGroup section */

/* Begin PBXNativeTarget section */
		58886AF51F20AD170088F31F /* SVChat */ = {
			isa = PBXNativeTarget;
			buildConfigurationList = 58886B0B1F20AD170088F31F /* Build configuration list for PBXNativeTarget "SVChat" */;
			buildPhases = (
				D96CCA452F9BF934932E4444 /* [CP] Check Pods Manifest.lock */,
				58886AF21F20AD170088F31F /* Sources */,
				58886AF31F20AD170088F31F /* Frameworks */,
				58886AF41F20AD170088F31F /* Resources */,
				50842F5F7B692F2088B56C43 /* [CP] Embed Pods Frameworks */,
				5713DCBB84BE81784FBF29BC /* [CP] Copy Pods Resources */,
			);
			buildRules = (
			);
			dependencies = (
			);
			name = SVChat;
			productName = SVChat;
			productReference = 58886AF61F20AD170088F31F /* SVChat.app */;
			productType = "com.apple.product-type.application";
		};
/* End PBXNativeTarget section */

/* Begin PBXProject section */
		58886AEE1F20AD170088F31F /* Project object */ = {
			isa = PBXProject;
			attributes = {
				LastSwiftUpdateCheck = 0830;
				LastUpgradeCheck = 0830;
				ORGANIZATIONNAME = "Sergey Volkov";
				TargetAttributes = {
					58886AF51F20AD170088F31F = {
						CreatedOnToolsVersion = 8.3.3;
						DevelopmentTeam = 4XP3HR3EAF;
						ProvisioningStyle = Automatic;
					};
				};
			};
			buildConfigurationList = 58886AF11F20AD170088F31F /* Build configuration list for PBXProject "SVChat" */;
			compatibilityVersion = "Xcode 3.2";
			developmentRegion = English;
			hasScannedForEncodings = 0;
			knownRegions = (
				en,
				Base,
			);
			mainGroup = 58886AED1F20AD170088F31F;
			productRefGroup = 58886AF71F20AD170088F31F /* Products */;
			projectDirPath = "";
			projectRoot = "";
			targets = (
				58886AF51F20AD170088F31F /* SVChat */,
			);
		};
/* End PBXProject section */

/* Begin PBXResourcesBuildPhase section */
		58886AF41F20AD170088F31F /* Resources */ = {
			isa = PBXResourcesBuildPhase;
			buildActionMask = 2147483647;
			files = (
				58886B071F20AD170088F31F /* LaunchScreen.storyboard in Resources */,
				58886B0F1F20B5E10088F31F /* GoogleService-Info.plist in Resources */,
				58886B041F20AD170088F31F /* Assets.xcassets in Resources */,
				58886AFF1F20AD170088F31F /* Main.storyboard in Resources */,
			);
			runOnlyForDeploymentPostprocessing = 0;
		};
/* End PBXResourcesBuildPhase section */

/* Begin PBXShellScriptBuildPhase section */
		50842F5F7B692F2088B56C43 /* [CP] Embed Pods Frameworks */ = {
			isa = PBXShellScriptBuildPhase;
			buildActionMask = 2147483647;
			files = (
			);
			inputPaths = (
			);
			name = "[CP] Embed Pods Frameworks";
			outputPaths = (
			);
			runOnlyForDeploymentPostprocessing = 0;
			shellPath = /bin/sh;
			shellScript = "\"${SRCROOT}/Pods/Target Support Files/Pods-SVChat/Pods-SVChat-frameworks.sh\"\n";
			showEnvVarsInLog = 0;
		};
		5713DCBB84BE81784FBF29BC /* [CP] Copy Pods Resources */ = {
			isa = PBXShellScriptBuildPhase;
			buildActionMask = 2147483647;
			files = (
			);
			inputPaths = (
			);
			name = "[CP] Copy Pods Resources";
			outputPaths = (
			);
			runOnlyForDeploymentPostprocessing = 0;
			shellPath = /bin/sh;
			shellScript = "\"${SRCROOT}/Pods/Target Support Files/Pods-SVChat/Pods-SVChat-resources.sh\"\n";
			showEnvVarsInLog = 0;
		};
		D96CCA452F9BF934932E4444 /* [CP] Check Pods Manifest.lock */ = {
			isa = PBXShellScriptBuildPhase;
			buildActionMask = 2147483647;
			files = (
			);
			inputPaths = (
			);
			name = "[CP] Check Pods Manifest.lock";
			outputPaths = (
			);
			runOnlyForDeploymentPostprocessing = 0;
			shellPath = /bin/sh;
			shellScript = "diff \"${PODS_ROOT}/../Podfile.lock\" \"${PODS_ROOT}/Manifest.lock\" > /dev/null\nif [ $? != 0 ] ; then\n    # print error to STDERR\n    echo \"error: The sandbox is not in sync with the Podfile.lock. Run 'pod install' or update your CocoaPods installation.\" >&2\n    exit 1\nfi\n";
			showEnvVarsInLog = 0;
		};
/* End PBXShellScriptBuildPhase section */

/* Begin PBXSourcesBuildPhase section */
		58886AF21F20AD170088F31F /* Sources */ = {
			isa = PBXSourcesBuildPhase;
			buildActionMask = 2147483647;
			files = (
				58886B111F20CFA90088F31F /* ViewController.swift in Sources */,
				58886B021F20AD170088F31F /* SVChat.xcdatamodeld in Sources */,
				58886AFA1F20AD170088F31F /* AppDelegate.swift in Sources */,
				58886B171F20FA2C0088F31F /* LoginViewController.swift in Sources */,
				58886B131F20D03F0088F31F /* ComposeViewController.swift in Sources */,
			);
			runOnlyForDeploymentPostprocessing = 0;
		};
/* End PBXSourcesBuildPhase section */

/* Begin PBXVariantGroup section */
		58886AFD1F20AD170088F31F /* Main.storyboard */ = {
			isa = PBXVariantGroup;
			children = (
				58886AFE1F20AD170088F31F /* Base */,
			);
			name = Main.storyboard;
			sourceTree = "<group>";
		};
		58886B051F20AD170088F31F /* LaunchScreen.storyboard */ = {
			isa = PBXVariantGroup;
			children = (
				58886B061F20AD170088F31F /* Base */,
			);
			name = LaunchScreen.storyboard;
			sourceTree = "<group>";
		};
/* End PBXVariantGroup section */

/* Begin XCBuildConfiguration section */
		58886B091F20AD170088F31F /* Debug */ = {
			isa = XCBuildConfiguration;
			buildSettings = {
				ALWAYS_SEARCH_USER_PATHS = NO;
				CLANG_ANALYZER_NONNULL = YES;
				CLANG_ANALYZER_NUMBER_OBJECT_CONVERSION = YES_AGGRESSIVE;
				CLANG_CXX_LANGUAGE_STANDARD = "gnu++0x";
				CLANG_CXX_LIBRARY = "libc++";
				CLANG_ENABLE_MODULES = YES;
				CLANG_ENABLE_OBJC_ARC = YES;
				CLANG_WARN_BOOL_CONVERSION = YES;
				CLANG_WARN_CONSTANT_CONVERSION = YES;
				CLANG_WARN_DIRECT_OBJC_ISA_USAGE = YES_ERROR;
				CLANG_WARN_DOCUMENTATION_COMMENTS = YES;
				CLANG_WARN_EMPTY_BODY = YES;
				CLANG_WARN_ENUM_CONVERSION = YES;
				CLANG_WARN_INFINITE_RECURSION = YES;
				CLANG_WARN_INT_CONVERSION = YES;
				CLANG_WARN_OBJC_ROOT_CLASS = YES_ERROR;
				CLANG_WARN_SUSPICIOUS_MOVE = YES;
				CLANG_WARN_UNREACHABLE_CODE = YES;
				CLANG_WARN__DUPLICATE_METHOD_MATCH = YES;
				"CODE_SIGN_IDENTITY[sdk=iphoneos*]" = "iPhone Developer";
				COPY_PHASE_STRIP = NO;
				DEBUG_INFORMATION_FORMAT = dwarf;
				ENABLE_STRICT_OBJC_MSGSEND = YES;
				ENABLE_TESTABILITY = YES;
				GCC_C_LANGUAGE_STANDARD = gnu99;
				GCC_DYNAMIC_NO_PIC = NO;
				GCC_NO_COMMON_BLOCKS = YES;
				GCC_OPTIMIZATION_LEVEL = 0;
				GCC_PREPROCESSOR_DEFINITIONS = (
					"DEBUG=1",
					"$(inherited)",
				);
				GCC_WARN_64_TO_32_BIT_CONVERSION = YES;
				GCC_WARN_ABOUT_RETURN_TYPE = YES_ERROR;
				GCC_WARN_UNDECLARED_SELECTOR = YES;
				GCC_WARN_UNINITIALIZED_AUTOS = YES_AGGRESSIVE;
				GCC_WARN_UNUSED_FUNCTION = YES;
				GCC_WARN_UNUSED_VARIABLE = YES;
				IPHONEOS_DEPLOYMENT_TARGET = 10.3;
				MTL_ENABLE_DEBUG_INFO = YES;
				ONLY_ACTIVE_ARCH = YES;
				SDKROOT = iphoneos;
				SWIFT_ACTIVE_COMPILATION_CONDITIONS = DEBUG;
				SWIFT_OPTIMIZATION_LEVEL = "-Onone";
			};
			name = Debug;
		};
		58886B0A1F20AD170088F31F /* Release */ = {
			isa = XCBuildConfiguration;
			buildSettings = {
				ALWAYS_SEARCH_USER_PATHS = NO;
				CLANG_ANALYZER_NONNULL = YES;
				CLANG_ANALYZER_NUMBER_OBJECT_CONVERSION = YES_AGGRESSIVE;
				CLANG_CXX_LANGUAGE_STANDARD = "gnu++0x";
				CLANG_CXX_LIBRARY = "libc++";
				CLANG_ENABLE_MODULES = YES;
				CLANG_ENABLE_OBJC_ARC = YES;
				CLANG_WARN_BOOL_CONVERSION = YES;
				CLANG_WARN_CONSTANT_CONVERSION = YES;
				CLANG_WARN_DIRECT_OBJC_ISA_USAGE = YES_ERROR;
				CLANG_WARN_DOCUMENTATION_COMMENTS = YES;
				CLANG_WARN_EMPTY_BODY = YES;
				CLANG_WARN_ENUM_CONVERSION = YES;
				CLANG_WARN_INFINITE_RECURSION = YES;
				CLANG_WARN_INT_CONVERSION = YES;
				CLANG_WARN_OBJC_ROOT_CLASS = YES_ERROR;
				CLANG_WARN_SUSPICIOUS_MOVE = YES;
				CLANG_WARN_UNREACHABLE_CODE = YES;
				CLANG_WARN__DUPLICATE_METHOD_MATCH = YES;
				"CODE_SIGN_IDENTITY[sdk=iphoneos*]" = "iPhone Developer";
				COPY_PHASE_STRIP = NO;
				DEBUG_INFORMATION_FORMAT = "dwarf-with-dsym";
				ENABLE_NS_ASSERTIONS = NO;
				ENABLE_STRICT_OBJC_MSGSEND = YES;
				GCC_C_LANGUAGE_STANDARD = gnu99;
				GCC_NO_COMMON_BLOCKS = YES;
				GCC_WARN_64_TO_32_BIT_CONVERSION = YES;
				GCC_WARN_ABOUT_RETURN_TYPE = YES_ERROR;
				GCC_WARN_UNDECLARED_SELECTOR = YES;
				GCC_WARN_UNINITIALIZED_AUTOS = YES_AGGRESSIVE;
				GCC_WARN_UNUSED_FUNCTION = YES;
				GCC_WARN_UNUSED_VARIABLE = YES;
				IPHONEOS_DEPLOYMENT_TARGET = 10.3;
				MTL_ENABLE_DEBUG_INFO = NO;
				SDKROOT = iphoneos;
				SWIFT_OPTIMIZATION_LEVEL = "-Owholemodule";
				VALIDATE_PRODUCT = YES;
			};
			name = Release;
		};
		58886B0C1F20AD170088F31F /* Debug */ = {
			isa = XCBuildConfiguration;
			baseConfigurationReference = 718466E94C7979694966D8C5 /* Pods-SVChat.debug.xcconfig */;
			buildSettings = {
				ASSETCATALOG_COMPILER_APPICON_NAME = AppIcon;
				DEVELOPMENT_TEAM = 4XP3HR3EAF;
				INFOPLIST_FILE = SVChat/Info.plist;
				LD_RUNPATH_SEARCH_PATHS = "$(inherited) @executable_path/Frameworks";
				PRODUCT_BUNDLE_IDENTIFIER = sergey.SVChat;
				PRODUCT_NAME = "$(TARGET_NAME)";
				SWIFT_VERSION = 3.0;
			};
			name = Debug;
		};
		58886B0D1F20AD170088F31F /* Release */ = {
			isa = XCBuildConfiguration;
			baseConfigurationReference = F9CB2644371E8DEE443BDB79 /* Pods-SVChat.release.xcconfig */;
			buildSettings = {
				ASSETCATALOG_COMPILER_APPICON_NAME = AppIcon;
				DEVELOPMENT_TEAM = 4XP3HR3EAF;
				INFOPLIST_FILE = SVChat/Info.plist;
				LD_RUNPATH_SEARCH_PATHS = "$(inherited) @executable_path/Frameworks";
				PRODUCT_BUNDLE_IDENTIFIER = sergey.SVChat;
				PRODUCT_NAME = "$(TARGET_NAME)";
				SWIFT_VERSION = 3.0;
			};
			name = Release;
		};
/* End XCBuildConfiguration section */

/* Begin XCConfigurationList section */
		58886AF11F20AD170088F31F /* Build configuration list for PBXProject "SVChat" */ = {
			isa = XCConfigurationList;
			buildConfigurations = (
				58886B091F20AD170088F31F /* Debug */,
				58886B0A1F20AD170088F31F /* Release */,
			);
			defaultConfigurationIsVisible = 0;
			defaultConfigurationName = Release;
		};
		58886B0B1F20AD170088F31F /* Build configuration list for PBXNativeTarget "SVChat" */ = {
			isa = XCConfigurationList;
			buildConfigurations = (
				58886B0C1F20AD170088F31F /* Debug */,
				58886B0D1F20AD170088F31F /* Release */,
			);
			defaultConfigurationIsVisible = 0;
			defaultConfigurationName = Release;
		};
/* End XCConfigurationList section */

/* Begin XCVersionGroup section */
		58886B001F20AD170088F31F /* SVChat.xcdatamodeld */ = {
			isa = XCVersionGroup;
			children = (
				58886B011F20AD170088F31F /* SVChat.xcdatamodel */,
			);
			currentVersion = 58886B011F20AD170088F31F /* SVChat.xcdatamodel */;
			path = SVChat.xcdatamodeld;
			sourceTree = "<group>";
			versionGroupType = wrapper.xcdatamodel;
		};
/* End XCVersionGroup section */
	};
	rootObject = 58886AEE1F20AD170088F31F /* Project object */;
}
